
Microsoft Visual Studio Solution File, Format Version 12.00
# Visual Studio Version 17
VisualStudioVersion = 17.0.32126.317
MinimumVisualStudioVersion = 10.0.40219.1
Project("{FAE04EC0-301F-11D3-BF4B-00C04F79EFBC}") = "Algo3", "Algo3\Algo3.csproj", "{968FA526-11BA-48DC-BBFC-B82DA55F3838}"
EndProject
Global
	GlobalSection(SolutionConfigurationPlatforms) = preSolution
		Debug|Any CPU = Debug|Any CPU
		Release|Any CPU = Release|Any CPU
	EndGlobalSection
	GlobalSection(ProjectConfigurationPlatforms) = postSolution
		{968FA526-11BA-48DC-BBFC-B82DA55F3838}.Debug|Any CPU.ActiveCfg = Debug|Any CPU
		{968FA526-11BA-48DC-BBFC-B82DA55F3838}.Debug|Any CPU.Build.0 = Debug|Any CPU
		{968FA526-11BA-48DC-BBFC-B82DA55F3838}.Release|Any CPU.ActiveCfg = Release|Any CPU
		{968FA526-11BA-48DC-BBFC-B82DA55F3838}.Release|Any CPU.Build.0 = Release|Any CPU
	EndGlobalSection
	GlobalSection(SolutionProperties) = preSolution
		HideSolutionNode = FALSE
	EndGlobalSection
	GlobalSection(ExtensibilityGlobals) = postSolution
		SolutionGuid = {FEC891A5-E991-460E-A8F9-CFD933A34EEF}
	EndGlobalSection
EndGlobal
