
Microsoft Visual Studio Solution File, Format Version 12.00
# Visual Studio Version 17
VisualStudioVersion = 17.0.31919.166
MinimumVisualStudioVersion = 10.0.40219.1
Project("{FAE04EC0-301F-11D3-BF4B-00C04F79EFBC}") = "Dm2.1", "Dm2.1\Dm2.1.csproj", "{31BF32A8-D285-4EF5-A93D-0B5601B135B7}"
EndProject
Global
	GlobalSection(SolutionConfigurationPlatforms) = preSolution
		Debug|Any CPU = Debug|Any CPU
		Release|Any CPU = Release|Any CPU
	EndGlobalSection
	GlobalSection(ProjectConfigurationPlatforms) = postSolution
		{31BF32A8-D285-4EF5-A93D-0B5601B135B7}.Debug|Any CPU.ActiveCfg = Debug|Any CPU
		{31BF32A8-D285-4EF5-A93D-0B5601B135B7}.Debug|Any CPU.Build.0 = Debug|Any CPU
		{31BF32A8-D285-4EF5-A93D-0B5601B135B7}.Release|Any CPU.ActiveCfg = Release|Any CPU
		{31BF32A8-D285-4EF5-A93D-0B5601B135B7}.Release|Any CPU.Build.0 = Release|Any CPU
	EndGlobalSection
	GlobalSection(SolutionProperties) = preSolution
		HideSolutionNode = FALSE
	EndGlobalSection
	GlobalSection(ExtensibilityGlobals) = postSolution
		SolutionGuid = {3994189C-4DD7-4C4F-BF76-E1386B8F3552}
	EndGlobalSection
EndGlobal
